
Microsoft Visual Studio Solution File, Format Version 12.00
# Visual Studio Version 17
VisualStudioVersion = 17.2.32630.192
MinimumVisualStudioVersion = 10.0.40219.1
Project("{2150E333-8FDC-42A3-9474-1A3956D46DE8}") = "01.SolidPrinciples", "01.SolidPrinciples", "{92B68FB6-3FC7-42A6-A116-DD3ED392B924}"
EndProject
Project("{FAE04EC0-301F-11D3-BF4B-00C04F79EFBC}") = "01.01.SingleResponsibilityPrinciple", "01.01.SingleResponsibilityPrinciple\01.01.SingleResponsibilityPrinciple.csproj", "{2D9A6175-D49F-4643-82C4-3A7A404E2409}"
EndProject
Global
	GlobalSection(SolutionConfigurationPlatforms) = preSolution
		Debug|Any CPU = Debug|Any CPU
		Release|Any CPU = Release|Any CPU
	EndGlobalSection
	GlobalSection(ProjectConfigurationPlatforms) = postSolution
		{2D9A6175-D49F-4643-82C4-3A7A404E2409}.Debug|Any CPU.ActiveCfg = Debug|Any CPU
		{2D9A6175-D49F-4643-82C4-3A7A404E2409}.Debug|Any CPU.Build.0 = Debug|Any CPU
		{2D9A6175-D49F-4643-82C4-3A7A404E2409}.Release|Any CPU.ActiveCfg = Release|Any CPU
		{2D9A6175-D49F-4643-82C4-3A7A404E2409}.Release|Any CPU.Build.0 = Release|Any CPU
	EndGlobalSection
	GlobalSection(SolutionProperties) = preSolution
		HideSolutionNode = FALSE
	EndGlobalSection
	GlobalSection(NestedProjects) = preSolution
		{2D9A6175-D49F-4643-82C4-3A7A404E2409} = {92B68FB6-3FC7-42A6-A116-DD3ED392B924}
	EndGlobalSection
	GlobalSection(ExtensibilityGlobals) = postSolution
		SolutionGuid = {C0C2FAF8-3BFC-4A7B-979A-29E78155B4B9}
	EndGlobalSection
EndGlobal
